
Microsoft Visual Studio Solution File, Format Version 12.00
# Visual Studio Version 16
VisualStudioVersion = 16.0.31729.503
MinimumVisualStudioVersion = 10.0.40219.1
Project("{FAE04EC0-301F-11D3-BF4B-00C04F79EFBC}") = "spider_form", "spider_form.csproj", "{EA8503AD-7D31-420F-BFD6-9DAABDB06CCE}"
EndProject
Global
	GlobalSection(SolutionConfigurationPlatforms) = preSolution
		Debug|Any CPU = Debug|Any CPU
		Release|Any CPU = Release|Any CPU
	EndGlobalSection
	GlobalSection(ProjectConfigurationPlatforms) = postSolution
		{EA8503AD-7D31-420F-BFD6-9DAABDB06CCE}.Debug|Any CPU.ActiveCfg = Debug|Any CPU
		{EA8503AD-7D31-420F-BFD6-9DAABDB06CCE}.Debug|Any CPU.Build.0 = Debug|Any CPU
		{EA8503AD-7D31-420F-BFD6-9DAABDB06CCE}.Release|Any CPU.ActiveCfg = Release|Any CPU
		{EA8503AD-7D31-420F-BFD6-9DAABDB06CCE}.Release|Any CPU.Build.0 = Release|Any CPU
	EndGlobalSection
	GlobalSection(SolutionProperties) = preSolution
		HideSolutionNode = FALSE
	EndGlobalSection
	GlobalSection(ExtensibilityGlobals) = postSolution
		SolutionGuid = {BD92AA30-4200-4D5C-8F8E-0081A766B914}
	EndGlobalSection
EndGlobal
